
Microsoft Visual Studio Solution File, Format Version 12.00
# Visual Studio 15
VisualStudioVersion = 15.0.28307.852
MinimumVisualStudioVersion = 10.0.40219.1
Project("{FAE04EC0-301F-11D3-BF4B-00C04F79EFBC}") = "clientProject", "client\clientProject.csproj", "{49E7E245-9DB4-4E7B-A527-47A667D75C60}"
EndProject
Global
	GlobalSection(SolutionConfigurationPlatforms) = preSolution
		Debug|Any CPU = Debug|Any CPU
		Release|Any CPU = Release|Any CPU
	EndGlobalSection
	GlobalSection(ProjectConfigurationPlatforms) = postSolution
		{49E7E245-9DB4-4E7B-A527-47A667D75C60}.Debug|Any CPU.ActiveCfg = Debug|Any CPU
		{49E7E245-9DB4-4E7B-A527-47A667D75C60}.Debug|Any CPU.Build.0 = Debug|Any CPU
		{49E7E245-9DB4-4E7B-A527-47A667D75C60}.Release|Any CPU.ActiveCfg = Release|Any CPU
		{49E7E245-9DB4-4E7B-A527-47A667D75C60}.Release|Any CPU.Build.0 = Release|Any CPU
	EndGlobalSection
	GlobalSection(SolutionProperties) = preSolution
		HideSolutionNode = FALSE
	EndGlobalSection
	GlobalSection(ExtensibilityGlobals) = postSolution
		SolutionGuid = {2DEECFD0-8ED8-4DFD-8A3E-FAE43EDC90E7}
	EndGlobalSection
EndGlobal
