
Microsoft Visual Studio Solution File, Format Version 12.00
# Visual Studio Version 16
VisualStudioVersion = 16.0.30611.23
MinimumVisualStudioVersion = 10.0.40219.1
Project("{FAE04EC0-301F-11D3-BF4B-00C04F79EFBC}") = "keygen", "keygen.csproj", "{2FDD1F61-65F6-44D4-962F-E3925B1C2724}"
EndProject
Global
	GlobalSection(SolutionConfigurationPlatforms) = preSolution
		Debug|Any CPU = Debug|Any CPU
		Release|Any CPU = Release|Any CPU
	EndGlobalSection
	GlobalSection(ProjectConfigurationPlatforms) = postSolution
		{2FDD1F61-65F6-44D4-962F-E3925B1C2724}.Debug|Any CPU.ActiveCfg = Debug|Any CPU
		{2FDD1F61-65F6-44D4-962F-E3925B1C2724}.Debug|Any CPU.Build.0 = Debug|Any CPU
		{2FDD1F61-65F6-44D4-962F-E3925B1C2724}.Release|Any CPU.ActiveCfg = Release|Any CPU
		{2FDD1F61-65F6-44D4-962F-E3925B1C2724}.Release|Any CPU.Build.0 = Release|Any CPU
	EndGlobalSection
	GlobalSection(SolutionProperties) = preSolution
		HideSolutionNode = FALSE
	EndGlobalSection
	GlobalSection(ExtensibilityGlobals) = postSolution
		SolutionGuid = {8A369B40-0FFF-4A68-9974-7158B9C744BD}
	EndGlobalSection
EndGlobal
